// !$*UTF8*$!
{
	archiveVersion = 1;
	classes = {
	};
	objectVersion = 46;
	objects = {

/* Begin PBXBuildFile section */
		A1A4A02F1A6B5CD300A51AFD /* main.m in Sources */ = {isa = PBXBuildFile; fileRef = A1A4A02E1A6B5CD300A51AFD /* main.m */; };
		A1A4A0321A6B5CD300A51AFD /* AppDelegate.m in Sources */ = {isa = PBXBuildFile; fileRef = A1A4A0311A6B5CD300A51AFD /* AppDelegate.m */; };
		A1A4A0351A6B5CD300A51AFD /* ViewController.m in Sources */ = {isa = PBXBuildFile; fileRef = A1A4A0341A6B5CD300A51AFD /* ViewController.m */; };
		A1A4A0381A6B5CD300A51AFD /* Main.storyboard in Resources */ = {isa = PBXBuildFile; fileRef = A1A4A0361A6B5CD300A51AFD /* Main.storyboard */; };
		A1A4A03A1A6B5CD300A51AFD /* Images.xcassets in Resources */ = {isa = PBXBuildFile; fileRef = A1A4A0391A6B5CD300A51AFD /* Images.xcassets */; };
		A1A4A03D1A6B5CD300A51AFD /* LaunchScreen.xib in Resources */ = {isa = PBXBuildFile; fileRef = A1A4A03B1A6B5CD300A51AFD /* LaunchScreen.xib */; };
		A1A4A0491A6B5CD300A51AFD /* DribbleInspiredTests.m in Sources */ = {isa = PBXBuildFile; fileRef = A1A4A0481A6B5CD300A51AFD /* DribbleInspiredTests.m */; };
/* End PBXBuildFile section */

/* Begin PBXContainerItemProxy section */
		A1A4A0431A6B5CD300A51AFD /* PBXContainerItemProxy */ = {
			isa = PBXContainerItemProxy;
			containerPortal = A1A4A0211A6B5CD300A51AFD /* Project object */;
			proxyType = 1;
			remoteGlobalIDString = A1A4A0281A6B5CD300A51AFD;
			remoteInfo = DribbleInspired;
		};
/* End PBXContainerItemProxy section */

/* Begin PBXFileReference section */
		A1A4A0291A6B5CD300A51AFD /* DribbleInspired.app */ = {isa = PBXFileReference; explicitFileType = wrapper.application; includeInIndex = 0; path = DribbleInspired.app; sourceTree = BUILT_PRODUCTS_DIR; };
		A1A4A02D1A6B5CD300A51AFD /* Info.plist */ = {isa = PBXFileReference; lastKnownFileType = text.plist.xml; path = Info.plist; sourceTree = "<group>"; };
		A1A4A02E1A6B5CD300A51AFD /* main.m */ = {isa = PBXFileReference; lastKnownFileType = sourcecode.c.objc; path = main.m; sourceTree = "<group>"; };
		A1A4A0301A6B5CD300A51AFD /* AppDelegate.h */ = {isa = PBXFileReference; lastKnownFileType = sourcecode.c.h; path = AppDelegate.h; sourceTree = "<group>"; };
		A1A4A0311A6B5CD300A51AFD /* AppDelegate.m */ = {isa = PBXFileReference; lastKnownFileType = sourcecode.c.objc; path = AppDelegate.m; sourceTree = "<group>"; };
		A1A4A0331A6B5CD300A51AFD /* ViewController.h */ = {isa = PBXFileReference; lastKnownFileType = sourcecode.c.h; path = ViewController.h; sourceTree = "<group>"; };
		A1A4A0341A6B5CD300A51AFD /* ViewController.m */ = {isa = PBXFileReference; lastKnownFileType = sourcecode.c.objc; path = ViewController.m; sourceTree = "<group>"; };
		A1A4A0371A6B5CD300A51AFD /* Base */ = {isa = PBXFileReference; lastKnownFileType = file.storyboard; name = Base; path = Base.lproj/Main.storyboard; sourceTree = "<group>"; };
		A1A4A0391A6B5CD300A51AFD /* Images.xcassets */ = {isa = PBXFileReference; lastKnownFileType = folder.assetcatalog; path = Images.xcassets; sourceTree = "<group>"; };
		A1A4A03C1A6B5CD300A51AFD /* Base */ = {isa = PBXFileReference; lastKnownFileType = file.xib; name = Base; path = Base.lproj/LaunchScreen.xib; sourceTree = "<group>"; };
		A1A4A0421A6B5CD300A51AFD /* DribbleInspiredTests.xctest */ = {isa = PBXFileReference; explicitFileType = wrapper.cfbundle; includeInIndex = 0; path = DribbleInspiredTests.xctest; sourceTree = BUILT_PRODUCTS_DIR; };
		A1A4A0471A6B5CD300A51AFD /* Info.plist */ = {isa = PBXFileReference; lastKnownFileType = text.plist.xml; path = Info.plist; sourceTree = "<group>"; };
		A1A4A0481A6B5CD300A51AFD /* DribbleInspiredTests.m */ = {isa = PBXFileReference; lastKnownFileType = sourcecode.c.objc; path = DribbleInspiredTests.m; sourceTree = "<group>"; };
/* End PBXFileReference section */

/* Begin PBXFrameworksBuildPhase section */
		A1A4A0261A6B5CD300A51AFD /* Frameworks */ = {
			isa = PBXFrameworksBuildPhase;
			buildActionMask = 2147483647;
			files = (
			);
			runOnlyForDeploymentPostprocessing = 0;
		};
		A1A4A03F1A6B5CD300A51AFD /* Frameworks */ = {
			isa = PBXFrameworksBuildPhase;
			buildActionMask = 2147483647;
			files = (
			);
			runOnlyForDeploymentPostprocessing = 0;
		};
/* End PBXFrameworksBuildPhase section */

/* Begin PBXGroup section */
		A1A4A0201A6B5CD300A51AFD = {
			isa = PBXGroup;
			children = (
				A1A4A02B1A6B5CD300A51AFD /* DribbleInspired */,
				A1A4A0451A6B5CD300A51AFD /* DribbleInspiredTests */,
				A1A4A02A1A6B5CD300A51AFD /* Products */,
			);
			sourceTree = "<group>";
		};
		A1A4A02A1A6B5CD300A51AFD /* Products */ = {
			isa = PBXGroup;
			children = (
				A1A4A0291A6B5CD300A51AFD /* DribbleInspired.app */,
				A1A4A0421A6B5CD300A51AFD /* DribbleInspiredTests.xctest */,
			);
			name = Products;
			sourceTree = "<group>";
		};
		A1A4A02B1A6B5CD300A51AFD /* DribbleInspired */ = {
			isa = PBXGroup;
			children = (
				A1A4A0301A6B5CD300A51AFD /* AppDelegate.h */,
				A1A4A0311A6B5CD300A51AFD /* AppDelegate.m */,
				A1A4A0331A6B5CD300A51AFD /* ViewController.h */,
				A1A4A0341A6B5CD300A51AFD /* ViewController.m */,
				A1A4A0361A6B5CD300A51AFD /* Main.storyboard */,
				A1A4A0391A6B5CD300A51AFD /* Images.xcassets */,
				A1A4A03B1A6B5CD300A51AFD /* LaunchScreen.xib */,
				A1A4A02C1A6B5CD300A51AFD /* Supporting Files */,
			);
			path = DribbleInspired;
			sourceTree = "<group>";
		};
		A1A4A02C1A6B5CD300A51AFD /* Supporting Files */ = {
			isa = PBXGroup;
			children = (
				A1A4A02D1A6B5CD300A51AFD /* Info.plist */,
				A1A4A02E1A6B5CD300A51AFD /* main.m */,
			);
			name = "Supporting Files";
			sourceTree = "<group>";
		};
		A1A4A0451A6B5CD300A51AFD /* DribbleInspiredTests */ = {
			isa = PBXGroup;
			children = (
				A1A4A0481A6B5CD300A51AFD /* DribbleInspiredTests.m */,
				A1A4A0461A6B5CD300A51AFD /* Supporting Files */,
			);
			path = DribbleInspiredTests;
			sourceTree = "<group>";
		};
		A1A4A0461A6B5CD300A51AFD /* Supporting Files */ = {
			isa = PBXGroup;
			children = (
				A1A4A0471A6B5CD300A51AFD /* Info.plist */,
			);
			name = "Supporting Files";
			sourceTree = "<group>";
		};
/* End PBXGroup section */

/* Begin PBXNativeTarget section */
		A1A4A0281A6B5CD300A51AFD /* DribbleInspired */ = {
			isa = PBXNativeTarget;
			buildConfigurationList = A1A4A04C1A6B5CD300A51AFD /* Build configuration list for PBXNativeTarget "DribbleInspired" */;
			buildPhases = (
				A1A4A0251A6B5CD300A51AFD /* Sources */,
				A1A4A0261A6B5CD300A51AFD /* Frameworks */,
				A1A4A0271A6B5CD300A51AFD /* Resources */,
			);
			buildRules = (
			);
			dependencies = (
			);
			name = DribbleInspired;
			productName = DribbleInspired;
			productReference = A1A4A0291A6B5CD300A51AFD /* DribbleInspired.app */;
			productType = "com.apple.product-type.application";
		};
		A1A4A0411A6B5CD300A51AFD /* DribbleInspiredTests */ = {
			isa = PBXNativeTarget;
			buildConfigurationList = A1A4A04F1A6B5CD300A51AFD /* Build configuration list for PBXNativeTarget "DribbleInspiredTests" */;
			buildPhases = (
				A1A4A03E1A6B5CD300A51AFD /* Sources */,
				A1A4A03F1A6B5CD300A51AFD /* Frameworks */,
				A1A4A0401A6B5CD300A51AFD /* Resources */,
			);
			buildRules = (
			);
			dependencies = (
				A1A4A0441A6B5CD300A51AFD /* PBXTargetDependency */,
			);
			name = DribbleInspiredTests;
			productName = DribbleInspiredTests;
			productReference = A1A4A0421A6B5CD300A51AFD /* DribbleInspiredTests.xctest */;
			productType = "com.apple.product-type.bundle.unit-test";
		};
/* End PBXNativeTarget section */

/* Begin PBXProject section */
		A1A4A0211A6B5CD300A51AFD /* Project object */ = {
			isa = PBXProject;
			attributes = {
				LastUpgradeCheck = 0610;
				ORGANIZATIONNAME = "ROBERA GELETA";
				TargetAttributes = {
					A1A4A0281A6B5CD300A51AFD = {
						CreatedOnToolsVersion = 6.1.1;
					};
					A1A4A0411A6B5CD300A51AFD = {
						CreatedOnToolsVersion = 6.1.1;
						TestTargetID = A1A4A0281A6B5CD300A51AFD;
					};
				};
			};
			buildConfigurationList = A1A4A0241A6B5CD300A51AFD /* Build configuration list for PBXProject "DribbleInspired" */;
			compatibilityVersion = "Xcode 3.2";
			developmentRegion = English;
			hasScannedForEncodings = 0;
			knownRegions = (
				en,
				Base,
			);
			mainGroup = A1A4A0201A6B5CD300A51AFD;
			productRefGroup = A1A4A02A1A6B5CD300A51AFD /* Products */;
			projectDirPath = "";
			projectRoot = "";
			targets = (
				A1A4A0281A6B5CD300A51AFD /* DribbleInspired */,
				A1A4A0411A6B5CD300A51AFD /* DribbleInspiredTests */,
			);
		};
/* End PBXProject section */

/* Begin PBXResourcesBuildPhase section */
		A1A4A0271A6B5CD300A51AFD /* Resources */ = {
			isa = PBXResourcesBuildPhase;
			buildActionMask = 2147483647;
			files = (
				A1A4A0381A6B5CD300A51AFD /* Main.storyboard in Resources */,
				A1A4A03D1A6B5CD300A51AFD /* LaunchScreen.xib in Resources */,
				A1A4A03A1A6B5CD300A51AFD /* Images.xcassets in Resources */,
			);
			runOnlyForDeploymentPostprocessing = 0;
		};
		A1A4A0401A6B5CD300A51AFD /* Resources */ = {
			isa = PBXResourcesBuildPhase;
			buildActionMask = 2147483647;
			files = (
			);
			runOnlyForDeploymentPostprocessing = 0;
		};
/* End PBXResourcesBuildPhase section */

/* Begin PBXSourcesBuildPhase section */
		A1A4A0251A6B5CD300A51AFD /* Sources */ = {
			isa = PBXSourcesBuildPhase;
			buildActionMask = 2147483647;
			files = (
				A1A4A0351A6B5CD300A51AFD /* ViewController.m in Sources */,
				A1A4A0321A6B5CD300A51AFD /* AppDelegate.m in Sources */,
				A1A4A02F1A6B5CD300A51AFD /* main.m in Sources */,
			);
			runOnlyForDeploymentPostprocessing = 0;
		};
		A1A4A03E1A6B5CD300A51AFD /* Sources */ = {
			isa = PBXSourcesBuildPhase;
			buildActionMask = 2147483647;
			files = (
				A1A4A0491A6B5CD300A51AFD /* DribbleInspiredTests.m in Sources */,
			);
			runOnlyForDeploymentPostprocessing = 0;
		};
/* End PBXSourcesBuildPhase section */

/* Begin PBXTargetDependency section */
		A1A4A0441A6B5CD300A51AFD /* PBXTargetDependency */ = {
			isa = PBXTargetDependency;
			target = A1A4A0281A6B5CD300A51AFD /* DribbleInspired */;
			targetProxy = A1A4A0431A6B5CD300A51AFD /* PBXContainerItemProxy */;
		};
/* End PBXTargetDependency section */

/* Begin PBXVariantGroup section */
		A1A4A0361A6B5CD300A51AFD /* Main.storyboard */ = {
			isa = PBXVariantGroup;
			children = (
				A1A4A0371A6B5CD300A51AFD /* Base */,
			);
			name = Main.storyboard;
			sourceTree = "<group>";
		};
		A1A4A03B1A6B5CD300A51AFD /* LaunchScreen.xib */ = {
			isa = PBXVariantGroup;
			children = (
				A1A4A03C1A6B5CD300A51AFD /* Base */,
			);
			name = LaunchScreen.xib;
			sourceTree = "<group>";
		};
/* End PBXVariantGroup section */

/* Begin XCBuildConfiguration section */
		A1A4A04A1A6B5CD300A51AFD /* Debug */ = {
			isa = XCBuildConfiguration;
			buildSettings = {
				ALWAYS_SEARCH_USER_PATHS = NO;
				CLANG_CXX_LANGUAGE_STANDARD = "gnu++0x";
				CLANG_CXX_LIBRARY = "libc++";
				CLANG_ENABLE_MODULES = YES;
				CLANG_ENABLE_OBJC_ARC = YES;
				CLANG_WARN_BOOL_CONVERSION = YES;
				CLANG_WARN_CONSTANT_CONVERSION = YES;
				CLANG_WARN_DIRECT_OBJC_ISA_USAGE = YES_ERROR;
				CLANG_WARN_EMPTY_BODY = YES;
				CLANG_WARN_ENUM_CONVERSION = YES;
				CLANG_WARN_INT_CONVERSION = YES;
				CLANG_WARN_OBJC_ROOT_CLASS = YES_ERROR;
				CLANG_WARN_UNREACHABLE_CODE = YES;
				CLANG_WARN__DUPLICATE_METHOD_MATCH = YES;
				"CODE_SIGN_IDENTITY[sdk=iphoneos*]" = "iPhone Developer";
				COPY_PHASE_STRIP = NO;
				ENABLE_STRICT_OBJC_MSGSEND = YES;
				GCC_C_LANGUAGE_STANDARD = gnu99;
				GCC_DYNAMIC_NO_PIC = NO;
				GCC_OPTIMIZATION_LEVEL = 0;
				GCC_PREPROCESSOR_DEFINITIONS = (
					"DEBUG=1",
					"$(inherited)",
				);
				GCC_SYMBOLS_PRIVATE_EXTERN = NO;
				GCC_WARN_64_TO_32_BIT_CONVERSION = YES;
				GCC_WARN_ABOUT_RETURN_TYPE = YES_ERROR;
				GCC_WARN_UNDECLARED_SELECTOR = YES;
				GCC_WARN_UNINITIALIZED_AUTOS = YES_AGGRESSIVE;
				GCC_WARN_UNUSED_FUNCTION = YES;
				GCC_WARN_UNUSED_VARIABLE = YES;
				IPHONEOS_DEPLOYMENT_TARGET = 8.1;
				MTL_ENABLE_DEBUG_INFO = YES;
				ONLY_ACTIVE_ARCH = YES;
				SDKROOT = iphoneos;
			};
			name = Debug;
		};
		A1A4A04B1A6B5CD300A51AFD /* Release */ = {
			isa = XCBuildConfiguration;
			buildSettings = {
				ALWAYS_SEARCH_USER_PATHS = NO;
				CLANG_CXX_LANGUAGE_STANDARD = "gnu++0x";
				CLANG_CXX_LIBRARY = "libc++";
				CLANG_ENABLE_MODULES = YES;
				CLANG_ENABLE_OBJC_ARC = YES;
				CLANG_WARN_BOOL_CONVERSION = YES;
				CLANG_WARN_CONSTANT_CONVERSION = YES;
				CLANG_WARN_DIRECT_OBJC_ISA_USAGE = YES_ERROR;
				CLANG_WARN_EMPTY_BODY = YES;
				CLANG_WARN_ENUM_CONVERSION = YES;
				CLANG_WARN_INT_CONVERSION = YES;
				CLANG_WARN_OBJC_ROOT_CLASS = YES_ERROR;
				CLANG_WARN_UNREACHABLE_CODE = YES;
				CLANG_WARN__DUPLICATE_METHOD_MATCH = YES;
				"CODE_SIGN_IDENTITY[sdk=iphoneos*]" = "iPhone Developer";
				COPY_PHASE_STRIP = YES;
				ENABLE_NS_ASSERTIONS = NO;
				ENABLE_STRICT_OBJC_MSGSEND = YES;
				GCC_C_LANGUAGE_STANDARD = gnu99;
				GCC_WARN_64_TO_32_BIT_CONVERSION = YES;
				GCC_WARN_ABOUT_RETURN_TYPE = YES_ERROR;
				GCC_WARN_UNDECLARED_SELECTOR = YES;
				GCC_WARN_UNINITIALIZED_AUTOS = YES_AGGRESSIVE;
				GCC_WARN_UNUSED_FUNCTION = YES;
				GCC_WARN_UNUSED_VARIABLE = YES;
				IPHONEOS_DEPLOYMENT_TARGET = 8.1;
				MTL_ENABLE_DEBUG_INFO = NO;
				SDKROOT = iphoneos;
				VALIDATE_PRODUCT = YES;
			};
			name = Release;
		};
		A1A4A04D1A6B5CD300A51AFD /* Debug */ = {
			isa = XCBuildConfiguration;
			buildSettings = {
				ASSETCATALOG_COMPILER_APPICON_NAME = AppIcon;
				INFOPLIST_FILE = DribbleInspired/Info.plist;
				LD_RUNPATH_SEARCH_PATHS = "$(inherited) @executable_path/Frameworks";
				PRODUCT_NAME = "$(TARGET_NAME)";
			};
			name = Debug;
		};
		A1A4A04E1A6B5CD300A51AFD /* Release */ = {
			isa = XCBuildConfiguration;
			buildSettings = {
				ASSETCATALOG_COMPILER_APPICON_NAME = AppIcon;
				INFOPLIST_FILE = DribbleInspired/Info.plist;
				LD_RUNPATH_SEARCH_PATHS = "$(inherited) @executable_path/Frameworks";
				PRODUCT_NAME = "$(TARGET_NAME)";
			};
			name = Release;
		};
		A1A4A0501A6B5CD300A51AFD /* Debug */ = {
			isa = XCBuildConfiguration;
			buildSettings = {
				BUNDLE_LOADER = "$(TEST_HOST)";
				FRAMEWORK_SEARCH_PATHS = (
					"$(SDKROOT)/Developer/Library/Frameworks",
					"$(inherited)",
				);
				GCC_PREPROCESSOR_DEFINITIONS = (
					"DEBUG=1",
					"$(inherited)",
				);
				INFOPLIST_FILE = DribbleInspiredTests/Info.plist;
				LD_RUNPATH_SEARCH_PATHS = "$(inherited) @executable_path/Frameworks @loader_path/Frameworks";
				PRODUCT_NAME = "$(TARGET_NAME)";
				TEST_HOST = "$(BUILT_PRODUCTS_DIR)/DribbleInspired.app/DribbleInspired";
			};
			name = Debug;
		};
		A1A4A0511A6B5CD300A51AFD /* Release */ = {
			isa = XCBuildConfiguration;
			buildSettings = {
				BUNDLE_LOADER = "$(TEST_HOST)";
				FRAMEWORK_SEARCH_PATHS = (
					"$(SDKROOT)/Developer/Library/Frameworks",
					"$(inherited)",
				);
				INFOPLIST_FILE = DribbleInspiredTests/Info.plist;
				LD_RUNPATH_SEARCH_PATHS = "$(inherited) @executable_path/Frameworks @loader_path/Frameworks";
				PRODUCT_NAME = "$(TARGET_NAME)";
				TEST_HOST = "$(BUILT_PRODUCTS_DIR)/DribbleInspired.app/DribbleInspired";
			};
			name = Release;
		};
/* End XCBuildConfiguration section */

/* Begin XCConfigurationList section */
		A1A4A0241A6B5CD300A51AFD /* Build configuration list for PBXProject "DribbleInspired" */ = {
			isa = XCConfigurationList;
			buildConfigurations = (
				A1A4A04A1A6B5CD300A51AFD /* Debug */,
				A1A4A04B1A6B5CD300A51AFD /* Release */,
			);
			defaultConfigurationIsVisible = 0;
			defaultConfigurationName = Release;
		};
		A1A4A04C1A6B5CD300A51AFD /* Build configuration list for PBXNativeTarget "DribbleInspired" */ = {
			isa = XCConfigurationList;
			buildConfigurations = (
				A1A4A04D1A6B5CD300A51AFD /* Debug */,
				A1A4A04E1A6B5CD300A51AFD /* Release */,
			);
			defaultConfigurationIsVisible = 0;
		};
		A1A4A04F1A6B5CD300A51AFD /* Build configuration list for PBXNativeTarget "DribbleInspiredTests" */ = {
			isa = XCConfigurationList;
			buildConfigurations = (
				A1A4A0501A6B5CD300A51AFD /* Debug */,
				A1A4A0511A6B5CD300A51AFD /* Release */,
			);
			defaultConfigurationIsVisible = 0;
		};
/* End XCConfigurationList section */
	};
	rootObject = A1A4A0211A6B5CD300A51AFD /* Project object */;
}
